// !$*UTF8*$!
{
	archiveVersion = 1;
	classes = {
	};
	objectVersion = 55;
	objects = {

/* Begin PBXBuildFile section */
		26062BB02965DE380087AD36 /* ComposableArchitecture in Frameworks */ = {isa = PBXBuildFile; productRef = 26062BAF2965DE380087AD36 /* ComposableArchitecture */; };
		26062BB32965E0A30087AD36 /* CombineSchedulers in Frameworks */ = {isa = PBXBuildFile; productRef = 26062BB22965E0A30087AD36 /* CombineSchedulers */; };
		26062BB5296C568D0087AD36 /* WelcomeTests.swift in Sources */ = {isa = PBXBuildFile; fileRef = 26062BB4296C568D0087AD36 /* WelcomeTests.swift */; };
		26062BB7296D97170087AD36 /* TabViewWithQuestionsTest.swift in Sources */ = {isa = PBXBuildFile; fileRef = 26062BB6296D97170087AD36 /* TabViewWithQuestionsTest.swift */; };
		26261798297AE03300A6A851 /* QuestionState.swift in Sources */ = {isa = PBXBuildFile; fileRef = 26261797297AE03300A6A851 /* QuestionState.swift */; };
		2626179A297AE06100A6A851 /* TotalQusetionsSubmittedState.swift in Sources */ = {isa = PBXBuildFile; fileRef = 26261799297AE06100A6A851 /* TotalQusetionsSubmittedState.swift */; };
		2626179C297AE0C000A6A851 /* AppState.swift in Sources */ = {isa = PBXBuildFile; fileRef = 2626179B297AE0C000A6A851 /* AppState.swift */; };
		2626179E297AE15200A6A851 /* TotalQusetionsSubmittedView.swift in Sources */ = {isa = PBXBuildFile; fileRef = 2626179D297AE15200A6A851 /* TotalQusetionsSubmittedView.swift */; };
		26B135A5295EFA5600F22458 /* WelcomeState.swift in Sources */ = {isa = PBXBuildFile; fileRef = 26B135A4295EFA5600F22458 /* WelcomeState.swift */; };
		26B135A8295EFACE00F22458 /* Question.swift in Sources */ = {isa = PBXBuildFile; fileRef = 26B135A7295EFACE00F22458 /* Question.swift */; };
		26B135AD295EFB4D00F22458 /* Database.swift in Sources */ = {isa = PBXBuildFile; fileRef = 26B135AC295EFB4D00F22458 /* Database.swift */; };
		26B135AF295EFB7500F22458 /* TabViewState.swift in Sources */ = {isa = PBXBuildFile; fileRef = 26B135AE295EFB7500F22458 /* TabViewState.swift */; };
		26EBF7E2297A9F100044727C /* SurveyUITests.swift in Sources */ = {isa = PBXBuildFile; fileRef = 26EBF7E1297A9F100044727C /* SurveyUITests.swift */; };
		77B4A537290D24FE00D98EE8 /* SurveyApp.swift in Sources */ = {isa = PBXBuildFile; fileRef = 77B4A536290D24FE00D98EE8 /* SurveyApp.swift */; };
		77B4A539290D24FE00D98EE8 /* WelcomeView.swift in Sources */ = {isa = PBXBuildFile; fileRef = 77B4A538290D24FE00D98EE8 /* WelcomeView.swift */; };
		77B4A53B290D250000D98EE8 /* Assets.xcassets in Resources */ = {isa = PBXBuildFile; fileRef = 77B4A53A290D250000D98EE8 /* Assets.xcassets */; };
		77B4A53E290D250000D98EE8 /* Preview Assets.xcassets in Resources */ = {isa = PBXBuildFile; fileRef = 77B4A53D290D250000D98EE8 /* Preview Assets.xcassets */; };
		77B4A561290D2DFE00D98EE8 /* ColorHelper.swift in Sources */ = {isa = PBXBuildFile; fileRef = 77B4A560290D2DFE00D98EE8 /* ColorHelper.swift */; };
		77B4A569290D7C2C00D98EE8 /* QuestionsTabView.swift in Sources */ = {isa = PBXBuildFile; fileRef = 77B4A568290D7C2C00D98EE8 /* QuestionsTabView.swift */; };
		77B4A56B290F109200D98EE8 /* QuestionView.swift in Sources */ = {isa = PBXBuildFile; fileRef = 77B4A56A290F109200D98EE8 /* QuestionView.swift */; };
		77B4A56D290FBC7600D98EE8 /* NotificationBannerView.swift in Sources */ = {isa = PBXBuildFile; fileRef = 77B4A56C290FBC7600D98EE8 /* NotificationBannerView.swift */; };
		77B4A57129115C7900D98EE8 /* QuestionTests.swift in Sources */ = {isa = PBXBuildFile; fileRef = 77B4A57029115C7900D98EE8 /* QuestionTests.swift */; };
		77B4A58C2911C97700D98EE8 /* fail.png in Resources */ = {isa = PBXBuildFile; fileRef = 77B4A5882911C97700D98EE8 /* fail.png */; };
		77B4A58D2911C97700D98EE8 /* success.png in Resources */ = {isa = PBXBuildFile; fileRef = 77B4A5892911C97700D98EE8 /* success.png */; };
		77B4A58E2911C97700D98EE8 /* simple.png in Resources */ = {isa = PBXBuildFile; fileRef = 77B4A58A2911C97700D98EE8 /* simple.png */; };
		77B4A58F2911C97700D98EE8 /* welcome.png in Resources */ = {isa = PBXBuildFile; fileRef = 77B4A58B2911C97700D98EE8 /* welcome.png */; };
/* End PBXBuildFile section */

/* Begin PBXContainerItemProxy section */
		26EBF7E5297A9F100044727C /* PBXContainerItemProxy */ = {
			isa = PBXContainerItemProxy;
			containerPortal = 77B4A52B290D24FE00D98EE8 /* Project object */;
			proxyType = 1;
			remoteGlobalIDString = 77B4A532290D24FE00D98EE8;
			remoteInfo = Survey;
		};
		77B4A544290D250000D98EE8 /* PBXContainerItemProxy */ = {
			isa = PBXContainerItemProxy;
			containerPortal = 77B4A52B290D24FE00D98EE8 /* Project object */;
			proxyType = 1;
			remoteGlobalIDString = 77B4A532290D24FE00D98EE8;
			remoteInfo = Survey;
		};
/* End PBXContainerItemProxy section */

/* Begin PBXCopyFilesBuildPhase section */
		26B134B52954461F00F22458 /* Embed Frameworks */ = {
			isa = PBXCopyFilesBuildPhase;
			buildActionMask = 2147483647;
			dstPath = "";
			dstSubfolderSpec = 10;
			files = (
			);
			name = "Embed Frameworks";
			runOnlyForDeploymentPostprocessing = 0;
		};
/* End PBXCopyFilesBuildPhase section */

/* Begin PBXFileReference section */
		26062BB4296C568D0087AD36 /* WelcomeTests.swift */ = {isa = PBXFileReference; lastKnownFileType = sourcecode.swift; path = WelcomeTests.swift; sourceTree = "<group>"; };
		26062BB6296D97170087AD36 /* TabViewWithQuestionsTest.swift */ = {isa = PBXFileReference; lastKnownFileType = sourcecode.swift; path = TabViewWithQuestionsTest.swift; sourceTree = "<group>"; };
		26261797297AE03300A6A851 /* QuestionState.swift */ = {isa = PBXFileReference; lastKnownFileType = sourcecode.swift; path = QuestionState.swift; sourceTree = "<group>"; };
		26261799297AE06100A6A851 /* TotalQusetionsSubmittedState.swift */ = {isa = PBXFileReference; lastKnownFileType = sourcecode.swift; path = TotalQusetionsSubmittedState.swift; sourceTree = "<group>"; };
		2626179B297AE0C000A6A851 /* AppState.swift */ = {isa = PBXFileReference; lastKnownFileType = sourcecode.swift; path = AppState.swift; sourceTree = "<group>"; };
		2626179D297AE15200A6A851 /* TotalQusetionsSubmittedView.swift */ = {isa = PBXFileReference; lastKnownFileType = sourcecode.swift; path = TotalQusetionsSubmittedView.swift; sourceTree = "<group>"; };
		26B135A4295EFA5600F22458 /* WelcomeState.swift */ = {isa = PBXFileReference; lastKnownFileType = sourcecode.swift; path = WelcomeState.swift; sourceTree = "<group>"; };
		26B135A7295EFACE00F22458 /* Question.swift */ = {isa = PBXFileReference; lastKnownFileType = sourcecode.swift; path = Question.swift; sourceTree = "<group>"; };
		26B135AC295EFB4D00F22458 /* Database.swift */ = {isa = PBXFileReference; lastKnownFileType = sourcecode.swift; path = Database.swift; sourceTree = "<group>"; };
		26B135AE295EFB7500F22458 /* TabViewState.swift */ = {isa = PBXFileReference; lastKnownFileType = sourcecode.swift; path = TabViewState.swift; sourceTree = "<group>"; };
		26EBF7DF297A9F100044727C /* SurveyUITests.xctest */ = {isa = PBXFileReference; explicitFileType = wrapper.cfbundle; includeInIndex = 0; path = SurveyUITests.xctest; sourceTree = BUILT_PRODUCTS_DIR; };
		26EBF7E1297A9F100044727C /* SurveyUITests.swift */ = {isa = PBXFileReference; lastKnownFileType = sourcecode.swift; path = SurveyUITests.swift; sourceTree = "<group>"; };
		77B4A533290D24FE00D98EE8 /* Survey.app */ = {isa = PBXFileReference; explicitFileType = wrapper.application; includeInIndex = 0; path = Survey.app; sourceTree = BUILT_PRODUCTS_DIR; };
		77B4A536290D24FE00D98EE8 /* SurveyApp.swift */ = {isa = PBXFileReference; lastKnownFileType = sourcecode.swift; path = SurveyApp.swift; sourceTree = "<group>"; };
		77B4A538290D24FE00D98EE8 /* WelcomeView.swift */ = {isa = PBXFileReference; lastKnownFileType = sourcecode.swift; path = WelcomeView.swift; sourceTree = "<group>"; };
		77B4A53A290D250000D98EE8 /* Assets.xcassets */ = {isa = PBXFileReference; lastKnownFileType = folder.assetcatalog; path = Assets.xcassets; sourceTree = "<group>"; };
		77B4A53D290D250000D98EE8 /* Preview Assets.xcassets */ = {isa = PBXFileReference; lastKnownFileType = folder.assetcatalog; path = "Preview Assets.xcassets"; sourceTree = "<group>"; };
		77B4A543290D250000D98EE8 /* SurveyTests.xctest */ = {isa = PBXFileReference; explicitFileType = wrapper.cfbundle; includeInIndex = 0; path = SurveyTests.xctest; sourceTree = BUILT_PRODUCTS_DIR; };
		77B4A560290D2DFE00D98EE8 /* ColorHelper.swift */ = {isa = PBXFileReference; lastKnownFileType = sourcecode.swift; path = ColorHelper.swift; sourceTree = "<group>"; };
		77B4A568290D7C2C00D98EE8 /* QuestionsTabView.swift */ = {isa = PBXFileReference; lastKnownFileType = sourcecode.swift; path = QuestionsTabView.swift; sourceTree = "<group>"; };
		77B4A56A290F109200D98EE8 /* QuestionView.swift */ = {isa = PBXFileReference; lastKnownFileType = sourcecode.swift; path = QuestionView.swift; sourceTree = "<group>"; };
		77B4A56C290FBC7600D98EE8 /* NotificationBannerView.swift */ = {isa = PBXFileReference; lastKnownFileType = sourcecode.swift; path = NotificationBannerView.swift; sourceTree = "<group>"; };
		77B4A57029115C7900D98EE8 /* QuestionTests.swift */ = {isa = PBXFileReference; lastKnownFileType = sourcecode.swift; path = QuestionTests.swift; sourceTree = "<group>"; };
		77B4A5882911C97700D98EE8 /* fail.png */ = {isa = PBXFileReference; lastKnownFileType = image.png; path = fail.png; sourceTree = "<group>"; };
		77B4A5892911C97700D98EE8 /* success.png */ = {isa = PBXFileReference; lastKnownFileType = image.png; path = success.png; sourceTree = "<group>"; };
		77B4A58A2911C97700D98EE8 /* simple.png */ = {isa = PBXFileReference; lastKnownFileType = image.png; path = simple.png; sourceTree = "<group>"; };
		77B4A58B2911C97700D98EE8 /* welcome.png */ = {isa = PBXFileReference; lastKnownFileType = image.png; path = welcome.png; sourceTree = "<group>"; };
/* End PBXFileReference section */

/* Begin PBXFrameworksBuildPhase section */
		26EBF7DC297A9F100044727C /* Frameworks */ = {
			isa = PBXFrameworksBuildPhase;
			buildActionMask = 2147483647;
			files = (
			);
			runOnlyForDeploymentPostprocessing = 0;
		};
		77B4A530290D24FE00D98EE8 /* Frameworks */ = {
			isa = PBXFrameworksBuildPhase;
			buildActionMask = 2147483647;
			files = (
				26062BB32965E0A30087AD36 /* CombineSchedulers in Frameworks */,
				26062BB02965DE380087AD36 /* ComposableArchitecture in Frameworks */,
			);
			runOnlyForDeploymentPostprocessing = 0;
		};
		77B4A540290D250000D98EE8 /* Frameworks */ = {
			isa = PBXFrameworksBuildPhase;
			buildActionMask = 2147483647;
			files = (
			);
			runOnlyForDeploymentPostprocessing = 0;
		};
/* End PBXFrameworksBuildPhase section */

/* Begin PBXGroup section */
		26B135A6295EFABE00F22458 /* Models */ = {
			isa = PBXGroup;
			children = (
				26B135A7295EFACE00F22458 /* Question.swift */,
			);
			path = Models;
			sourceTree = "<group>";
		};
		26B135AB295EFB3B00F22458 /* Database */ = {
			isa = PBXGroup;
			children = (
				26B135AC295EFB4D00F22458 /* Database.swift */,
			);
			path = Database;
			sourceTree = "<group>";
		};
		26B135B0295EFC4F00F22458 /* Frameworks */ = {
			isa = PBXGroup;
			children = (
			);
			name = Frameworks;
			sourceTree = "<group>";
		};
		26B135B32962E28A00F22458 /* Stores */ = {
			isa = PBXGroup;
			children = (
				26B135A4295EFA5600F22458 /* WelcomeState.swift */,
				26B135AE295EFB7500F22458 /* TabViewState.swift */,
				26261797297AE03300A6A851 /* QuestionState.swift */,
				26261799297AE06100A6A851 /* TotalQusetionsSubmittedState.swift */,
				2626179B297AE0C000A6A851 /* AppState.swift */,
			);
			path = Stores;
			sourceTree = "<group>";
		};
		26EBF7E0297A9F100044727C /* SurveyUITests */ = {
			isa = PBXGroup;
			children = (
				26EBF7E1297A9F100044727C /* SurveyUITests.swift */,
			);
			path = SurveyUITests;
			sourceTree = "<group>";
		};
		77B4A52A290D24FE00D98EE8 = {
			isa = PBXGroup;
			children = (
				77B4A535290D24FE00D98EE8 /* Survey */,
				77B4A546290D250000D98EE8 /* SurveyTests */,
				26EBF7E0297A9F100044727C /* SurveyUITests */,
				77B4A534290D24FE00D98EE8 /* Products */,
				26B135B0295EFC4F00F22458 /* Frameworks */,
			);
			sourceTree = "<group>";
		};
		77B4A534290D24FE00D98EE8 /* Products */ = {
			isa = PBXGroup;
			children = (
				77B4A533290D24FE00D98EE8 /* Survey.app */,
				77B4A543290D250000D98EE8 /* SurveyTests.xctest */,
				26EBF7DF297A9F100044727C /* SurveyUITests.xctest */,
			);
			name = Products;
			sourceTree = "<group>";
		};
		77B4A535290D24FE00D98EE8 /* Survey */ = {
			isa = PBXGroup;
			children = (
				77B4A536290D24FE00D98EE8 /* SurveyApp.swift */,
				26B135B32962E28A00F22458 /* Stores */,
				26B135AB295EFB3B00F22458 /* Database */,
				26B135A6295EFABE00F22458 /* Models */,
				77B4A5752911853C00D98EE8 /* Views */,
				77B4A572291184DD00D98EE8 /* Helpers */,
				77B4A57D2911C86A00D98EE8 /* Screenshots */,
				77B4A53A290D250000D98EE8 /* Assets.xcassets */,
				77B4A53C290D250000D98EE8 /* Preview Content */,
			);
			path = Survey;
			sourceTree = "<group>";
		};
		77B4A53C290D250000D98EE8 /* Preview Content */ = {
			isa = PBXGroup;
			children = (
				77B4A53D290D250000D98EE8 /* Preview Assets.xcassets */,
			);
			path = "Preview Content";
			sourceTree = "<group>";
		};
		77B4A546290D250000D98EE8 /* SurveyTests */ = {
			isa = PBXGroup;
			children = (
				77B4A57029115C7900D98EE8 /* QuestionTests.swift */,
				26062BB4296C568D0087AD36 /* WelcomeTests.swift */,
				26062BB6296D97170087AD36 /* TabViewWithQuestionsTest.swift */,
			);
			path = SurveyTests;
			sourceTree = "<group>";
		};
		77B4A572291184DD00D98EE8 /* Helpers */ = {
			isa = PBXGroup;
			children = (
				77B4A560290D2DFE00D98EE8 /* ColorHelper.swift */,
			);
			path = Helpers;
			sourceTree = "<group>";
		};
		77B4A5752911853C00D98EE8 /* Views */ = {
			isa = PBXGroup;
			children = (
				77B4A538290D24FE00D98EE8 /* WelcomeView.swift */,
				77B4A568290D7C2C00D98EE8 /* QuestionsTabView.swift */,
				77B4A56A290F109200D98EE8 /* QuestionView.swift */,
				77B4A56C290FBC7600D98EE8 /* NotificationBannerView.swift */,
				2626179D297AE15200A6A851 /* TotalQusetionsSubmittedView.swift */,
			);
			path = Views;
			sourceTree = "<group>";
		};
		77B4A57D2911C86A00D98EE8 /* Screenshots */ = {
			isa = PBXGroup;
			children = (
				77B4A5882911C97700D98EE8 /* fail.png */,
				77B4A58A2911C97700D98EE8 /* simple.png */,
				77B4A5892911C97700D98EE8 /* success.png */,
				77B4A58B2911C97700D98EE8 /* welcome.png */,
			);
			path = Screenshots;
			sourceTree = "<group>";
		};
/* End PBXGroup section */

/* Begin PBXNativeTarget section */
		26EBF7DE297A9F100044727C /* SurveyUITests */ = {
			isa = PBXNativeTarget;
			buildConfigurationList = 26EBF7E7297A9F100044727C /* Build configuration list for PBXNativeTarget "SurveyUITests" */;
			buildPhases = (
				26EBF7DB297A9F100044727C /* Sources */,
				26EBF7DC297A9F100044727C /* Frameworks */,
				26EBF7DD297A9F100044727C /* Resources */,
			);
			buildRules = (
			);
			dependencies = (
				26EBF7E6297A9F100044727C /* PBXTargetDependency */,
			);
			name = SurveyUITests;
			productName = SurveyUITests;
			productReference = 26EBF7DF297A9F100044727C /* SurveyUITests.xctest */;
			productType = "com.apple.product-type.bundle.ui-testing";
		};
		77B4A532290D24FE00D98EE8 /* Survey */ = {
			isa = PBXNativeTarget;
			buildConfigurationList = 77B4A557290D250000D98EE8 /* Build configuration list for PBXNativeTarget "Survey" */;
			buildPhases = (
				77B4A52F290D24FE00D98EE8 /* Sources */,
				77B4A530290D24FE00D98EE8 /* Frameworks */,
				77B4A531290D24FE00D98EE8 /* Resources */,
				26B134B52954461F00F22458 /* Embed Frameworks */,
			);
			buildRules = (
			);
			dependencies = (
			);
			name = Survey;
			packageProductDependencies = (
				26062BAF2965DE380087AD36 /* ComposableArchitecture */,
				26062BB22965E0A30087AD36 /* CombineSchedulers */,
			);
			productName = Survey;
			productReference = 77B4A533290D24FE00D98EE8 /* Survey.app */;
			productType = "com.apple.product-type.application";
		};
		77B4A542290D250000D98EE8 /* SurveyTests */ = {
			isa = PBXNativeTarget;
			buildConfigurationList = 77B4A55A290D250000D98EE8 /* Build configuration list for PBXNativeTarget "SurveyTests" */;
			buildPhases = (
				77B4A53F290D250000D98EE8 /* Sources */,
				77B4A540290D250000D98EE8 /* Frameworks */,
				77B4A541290D250000D98EE8 /* Resources */,
			);
			buildRules = (
			);
			dependencies = (
				77B4A545290D250000D98EE8 /* PBXTargetDependency */,
			);
			name = SurveyTests;
			productName = SurveyTests;
			productReference = 77B4A543290D250000D98EE8 /* SurveyTests.xctest */;
			productType = "com.apple.product-type.bundle.unit-test";
		};
/* End PBXNativeTarget section */

/* Begin PBXProject section */
		77B4A52B290D24FE00D98EE8 /* Project object */ = {
			isa = PBXProject;
			attributes = {
				BuildIndependentTargetsInParallel = 1;
				LastSwiftUpdateCheck = 1340;
				LastUpgradeCheck = 1340;
				TargetAttributes = {
					26EBF7DE297A9F100044727C = {
						CreatedOnToolsVersion = 13.4.1;
						TestTargetID = 77B4A532290D24FE00D98EE8;
					};
					77B4A532290D24FE00D98EE8 = {
						CreatedOnToolsVersion = 13.4.1;
					};
					77B4A542290D250000D98EE8 = {
						CreatedOnToolsVersion = 13.4.1;
						TestTargetID = 77B4A532290D24FE00D98EE8;
					};
				};
			};
			buildConfigurationList = 77B4A52E290D24FE00D98EE8 /* Build configuration list for PBXProject "Survey" */;
			compatibilityVersion = "Xcode 13.0";
			developmentRegion = en;
			hasScannedForEncodings = 0;
			knownRegions = (
				en,
				Base,
			);
			mainGroup = 77B4A52A290D24FE00D98EE8;
			packageReferences = (
				26062BA82965DC8C0087AD36 /* XCRemoteSwiftPackageReference "swift-composable-architecture" */,
				26062BB12965E0A30087AD36 /* XCRemoteSwiftPackageReference "combine-schedulers" */,
			);
			productRefGroup = 77B4A534290D24FE00D98EE8 /* Products */;
			projectDirPath = "";
			projectRoot = "";
			targets = (
				77B4A532290D24FE00D98EE8 /* Survey */,
				77B4A542290D250000D98EE8 /* SurveyTests */,
				26EBF7DE297A9F100044727C /* SurveyUITests */,
			);
		};
/* End PBXProject section */

/* Begin PBXResourcesBuildPhase section */
		26EBF7DD297A9F100044727C /* Resources */ = {
			isa = PBXResourcesBuildPhase;
			buildActionMask = 2147483647;
			files = (
			);
			runOnlyForDeploymentPostprocessing = 0;
		};
		77B4A531290D24FE00D98EE8 /* Resources */ = {
			isa = PBXResourcesBuildPhase;
			buildActionMask = 2147483647;
			files = (
				77B4A58F2911C97700D98EE8 /* welcome.png in Resources */,
				77B4A53E290D250000D98EE8 /* Preview Assets.xcassets in Resources */,
				77B4A53B290D250000D98EE8 /* Assets.xcassets in Resources */,
				77B4A58C2911C97700D98EE8 /* fail.png in Resources */,
				77B4A58E2911C97700D98EE8 /* simple.png in Resources */,
				77B4A58D2911C97700D98EE8 /* success.png in Resources */,
			);
			runOnlyForDeploymentPostprocessing = 0;
		};
		77B4A541290D250000D98EE8 /* Resources */ = {
			isa = PBXResourcesBuildPhase;
			buildActionMask = 2147483647;
			files = (
			);
			runOnlyForDeploymentPostprocessing = 0;
		};
/* End PBXResourcesBuildPhase section */

/* Begin PBXSourcesBuildPhase section */
		26EBF7DB297A9F100044727C /* Sources */ = {
			isa = PBXSourcesBuildPhase;
			buildActionMask = 2147483647;
			files = (
				26EBF7E2297A9F100044727C /* SurveyUITests.swift in Sources */,
			);
			runOnlyForDeploymentPostprocessing = 0;
		};
		77B4A52F290D24FE00D98EE8 /* Sources */ = {
			isa = PBXSourcesBuildPhase;
			buildActionMask = 2147483647;
			files = (
				26B135A5295EFA5600F22458 /* WelcomeState.swift in Sources */,
				77B4A539290D24FE00D98EE8 /* WelcomeView.swift in Sources */,
				2626179A297AE06100A6A851 /* TotalQusetionsSubmittedState.swift in Sources */,
				77B4A561290D2DFE00D98EE8 /* ColorHelper.swift in Sources */,
				77B4A56B290F109200D98EE8 /* QuestionView.swift in Sources */,
				26B135AF295EFB7500F22458 /* TabViewState.swift in Sources */,
				2626179E297AE15200A6A851 /* TotalQusetionsSubmittedView.swift in Sources */,
				77B4A569290D7C2C00D98EE8 /* QuestionsTabView.swift in Sources */,
				26261798297AE03300A6A851 /* QuestionState.swift in Sources */,
				77B4A537290D24FE00D98EE8 /* SurveyApp.swift in Sources */,
				26B135A8295EFACE00F22458 /* Question.swift in Sources */,
				2626179C297AE0C000A6A851 /* AppState.swift in Sources */,
				77B4A56D290FBC7600D98EE8 /* NotificationBannerView.swift in Sources */,
				26B135AD295EFB4D00F22458 /* Database.swift in Sources */,
			);
			runOnlyForDeploymentPostprocessing = 0;
		};
		77B4A53F290D250000D98EE8 /* Sources */ = {
			isa = PBXSourcesBuildPhase;
			buildActionMask = 2147483647;
			files = (
				26062BB5296C568D0087AD36 /* WelcomeTests.swift in Sources */,
				77B4A57129115C7900D98EE8 /* QuestionTests.swift in Sources */,
				26062BB7296D97170087AD36 /* TabViewWithQuestionsTest.swift in Sources */,
			);
			runOnlyForDeploymentPostprocessing = 0;
		};
/* End PBXSourcesBuildPhase section */

/* Begin PBXTargetDependency section */
		26EBF7E6297A9F100044727C /* PBXTargetDependency */ = {
			isa = PBXTargetDependency;
			target = 77B4A532290D24FE00D98EE8 /* Survey */;
			targetProxy = 26EBF7E5297A9F100044727C /* PBXContainerItemProxy */;
		};
		77B4A545290D250000D98EE8 /* PBXTargetDependency */ = {
			isa = PBXTargetDependency;
			target = 77B4A532290D24FE00D98EE8 /* Survey */;
			targetProxy = 77B4A544290D250000D98EE8 /* PBXContainerItemProxy */;
		};
/* End PBXTargetDependency section */

/* Begin XCBuildConfiguration section */
		26EBF7E8297A9F100044727C /* Debug */ = {
			isa = XCBuildConfiguration;
			buildSettings = {
				CODE_SIGN_STYLE = Automatic;
				CURRENT_PROJECT_VERSION = 1;
				GENERATE_INFOPLIST_FILE = YES;
				MARKETING_VERSION = 1.0;
				PRODUCT_BUNDLE_IDENTIFIER = com.test.SurveyUITests;
				PRODUCT_NAME = "$(TARGET_NAME)";
				SWIFT_EMIT_LOC_STRINGS = NO;
				SWIFT_VERSION = 5.0;
				TARGETED_DEVICE_FAMILY = "1,2";
				TEST_TARGET_NAME = Survey;
			};
			name = Debug;
		};
		26EBF7E9297A9F100044727C /* Release */ = {
			isa = XCBuildConfiguration;
			buildSettings = {
				CODE_SIGN_STYLE = Automatic;
				CURRENT_PROJECT_VERSION = 1;
				GENERATE_INFOPLIST_FILE = YES;
				MARKETING_VERSION = 1.0;
				PRODUCT_BUNDLE_IDENTIFIER = com.test.SurveyUITests;
				PRODUCT_NAME = "$(TARGET_NAME)";
				SWIFT_EMIT_LOC_STRINGS = NO;
				SWIFT_VERSION = 5.0;
				TARGETED_DEVICE_FAMILY = "1,2";
				TEST_TARGET_NAME = Survey;
			};
			name = Release;
		};
		77B4A555290D250000D98EE8 /* Debug */ = {
			isa = XCBuildConfiguration;
			buildSettings = {
				ALWAYS_SEARCH_USER_PATHS = NO;
				CLANG_ANALYZER_NONNULL = YES;
				CLANG_ANALYZER_NUMBER_OBJECT_CONVERSION = YES_AGGRESSIVE;
				CLANG_CXX_LANGUAGE_STANDARD = "gnu++17";
				CLANG_ENABLE_MODULES = YES;
				CLANG_ENABLE_OBJC_ARC = YES;
				CLANG_ENABLE_OBJC_WEAK = YES;
				CLANG_WARN_BLOCK_CAPTURE_AUTORELEASING = YES;
				CLANG_WARN_BOOL_CONVERSION = YES;
				CLANG_WARN_COMMA = YES;
				CLANG_WARN_CONSTANT_CONVERSION = YES;
				CLANG_WARN_DEPRECATED_OBJC_IMPLEMENTATIONS = YES;
				CLANG_WARN_DIRECT_OBJC_ISA_USAGE = YES_ERROR;
				CLANG_WARN_DOCUMENTATION_COMMENTS = YES;
				CLANG_WARN_EMPTY_BODY = YES;
				CLANG_WARN_ENUM_CONVERSION = YES;
				CLANG_WARN_INFINITE_RECURSION = YES;
				CLANG_WARN_INT_CONVERSION = YES;
				CLANG_WARN_NON_LITERAL_NULL_CONVERSION = YES;
				CLANG_WARN_OBJC_IMPLICIT_RETAIN_SELF = YES;
				CLANG_WARN_OBJC_LITERAL_CONVERSION = YES;
				CLANG_WARN_OBJC_ROOT_CLASS = YES_ERROR;
				CLANG_WARN_QUOTED_INCLUDE_IN_FRAMEWORK_HEADER = YES;
				CLANG_WARN_RANGE_LOOP_ANALYSIS = YES;
				CLANG_WARN_STRICT_PROTOTYPES = YES;
				CLANG_WARN_SUSPICIOUS_MOVE = YES;
				CLANG_WARN_UNGUARDED_AVAILABILITY = YES_AGGRESSIVE;
				CLANG_WARN_UNREACHABLE_CODE = YES;
				CLANG_WARN__DUPLICATE_METHOD_MATCH = YES;
				COPY_PHASE_STRIP = NO;
				DEBUG_INFORMATION_FORMAT = dwarf;
				ENABLE_STRICT_OBJC_MSGSEND = YES;
				ENABLE_TESTABILITY = YES;
				GCC_C_LANGUAGE_STANDARD = gnu11;
				GCC_DYNAMIC_NO_PIC = NO;
				GCC_NO_COMMON_BLOCKS = YES;
				GCC_OPTIMIZATION_LEVEL = 0;
				GCC_PREPROCESSOR_DEFINITIONS = (
					"DEBUG=1",
					"$(inherited)",
				);
				GCC_WARN_64_TO_32_BIT_CONVERSION = YES;
				GCC_WARN_ABOUT_RETURN_TYPE = YES_ERROR;
				GCC_WARN_UNDECLARED_SELECTOR = YES;
				GCC_WARN_UNINITIALIZED_AUTOS = YES_AGGRESSIVE;
				GCC_WARN_UNUSED_FUNCTION = YES;
				GCC_WARN_UNUSED_VARIABLE = YES;
				IPHONEOS_DEPLOYMENT_TARGET = 15.5;
				MTL_ENABLE_DEBUG_INFO = INCLUDE_SOURCE;
				MTL_FAST_MATH = YES;
				ONLY_ACTIVE_ARCH = YES;
				SDKROOT = iphoneos;
				SWIFT_ACTIVE_COMPILATION_CONDITIONS = DEBUG;
				SWIFT_OPTIMIZATION_LEVEL = "-Onone";
			};
			name = Debug;
		};
		77B4A556290D250000D98EE8 /* Release */ = {
			isa = XCBuildConfiguration;
			buildSettings = {
				ALWAYS_SEARCH_USER_PATHS = NO;
				CLANG_ANALYZER_NONNULL = YES;
				CLANG_ANALYZER_NUMBER_OBJECT_CONVERSION = YES_AGGRESSIVE;
				CLANG_CXX_LANGUAGE_STANDARD = "gnu++17";
				CLANG_ENABLE_MODULES = YES;
				CLANG_ENABLE_OBJC_ARC = YES;
				CLANG_ENABLE_OBJC_WEAK = YES;
				CLANG_WARN_BLOCK_CAPTURE_AUTORELEASING = YES;
				CLANG_WARN_BOOL_CONVERSION = YES;
				CLANG_WARN_COMMA = YES;
				CLANG_WARN_CONSTANT_CONVERSION = YES;
				CLANG_WARN_DEPRECATED_OBJC_IMPLEMENTATIONS = YES;
				CLANG_WARN_DIRECT_OBJC_ISA_USAGE = YES_ERROR;
				CLANG_WARN_DOCUMENTATION_COMMENTS = YES;
				CLANG_WARN_EMPTY_BODY = YES;
				CLANG_WARN_ENUM_CONVERSION = YES;
				CLANG_WARN_INFINITE_RECURSION = YES;
				CLANG_WARN_INT_CONVERSION = YES;
				CLANG_WARN_NON_LITERAL_NULL_CONVERSION = YES;
				CLANG_WARN_OBJC_IMPLICIT_RETAIN_SELF = YES;
				CLANG_WARN_OBJC_LITERAL_CONVERSION = YES;
				CLANG_WARN_OBJC_ROOT_CLASS = YES_ERROR;
				CLANG_WARN_QUOTED_INCLUDE_IN_FRAMEWORK_HEADER = YES;
				CLANG_WARN_RANGE_LOOP_ANALYSIS = YES;
				CLANG_WARN_STRICT_PROTOTYPES = YES;
				CLANG_WARN_SUSPICIOUS_MOVE = YES;
				CLANG_WARN_UNGUARDED_AVAILABILITY = YES_AGGRESSIVE;
				CLANG_WARN_UNREACHABLE_CODE = YES;
				CLANG_WARN__DUPLICATE_METHOD_MATCH = YES;
				COPY_PHASE_STRIP = NO;
				DEBUG_INFORMATION_FORMAT = "dwarf-with-dsym";
				ENABLE_NS_ASSERTIONS = NO;
				ENABLE_STRICT_OBJC_MSGSEND = YES;
				GCC_C_LANGUAGE_STANDARD = gnu11;
				GCC_NO_COMMON_BLOCKS = YES;
				GCC_WARN_64_TO_32_BIT_CONVERSION = YES;
				GCC_WARN_ABOUT_RETURN_TYPE = YES_ERROR;
				GCC_WARN_UNDECLARED_SELECTOR = YES;
				GCC_WARN_UNINITIALIZED_AUTOS = YES_AGGRESSIVE;
				GCC_WARN_UNUSED_FUNCTION = YES;
				GCC_WARN_UNUSED_VARIABLE = YES;
				IPHONEOS_DEPLOYMENT_TARGET = 15.5;
				MTL_ENABLE_DEBUG_INFO = NO;
				MTL_FAST_MATH = YES;
				SDKROOT = iphoneos;
				SWIFT_COMPILATION_MODE = wholemodule;
				SWIFT_OPTIMIZATION_LEVEL = "-O";
				VALIDATE_PRODUCT = YES;
			};
			name = Release;
		};
		77B4A558290D250000D98EE8 /* Debug */ = {
			isa = XCBuildConfiguration;
			buildSettings = {
				ASSETCATALOG_COMPILER_APPICON_NAME = AppIcon;
				ASSETCATALOG_COMPILER_GLOBAL_ACCENT_COLOR_NAME = AccentColor;
				CODE_SIGN_STYLE = Automatic;
				CURRENT_PROJECT_VERSION = 1;
				DEVELOPMENT_ASSET_PATHS = "\"Survey/Preview Content\"";
				DEVELOPMENT_TEAM = B794V8KV97;
				ENABLE_PREVIEWS = YES;
				GENERATE_INFOPLIST_FILE = YES;
				INFOPLIST_KEY_UIApplicationSceneManifest_Generation = YES;
				INFOPLIST_KEY_UIApplicationSupportsIndirectInputEvents = YES;
				INFOPLIST_KEY_UILaunchScreen_Generation = YES;
				INFOPLIST_KEY_UISupportedInterfaceOrientations_iPad = "UIInterfaceOrientationPortrait UIInterfaceOrientationPortraitUpsideDown UIInterfaceOrientationLandscapeLeft UIInterfaceOrientationLandscapeRight";
				INFOPLIST_KEY_UISupportedInterfaceOrientations_iPhone = "UIInterfaceOrientationPortrait UIInterfaceOrientationLandscapeLeft UIInterfaceOrientationLandscapeRight";
				LD_RUNPATH_SEARCH_PATHS = (
					"$(inherited)",
					"@executable_path/Frameworks",
				);
				MARKETING_VERSION = 1.0;
				PRODUCT_BUNDLE_IDENTIFIER = com.argyrogounari.Survey;
				PRODUCT_NAME = "$(TARGET_NAME)";
				SWIFT_EMIT_LOC_STRINGS = YES;
				SWIFT_VERSION = 5.0;
				TARGETED_DEVICE_FAMILY = "1,2";
			};
			name = Debug;
		};
		77B4A559290D250000D98EE8 /* Release */ = {
			isa = XCBuildConfiguration;
			buildSettings = {
				ASSETCATALOG_COMPILER_APPICON_NAME = AppIcon;
				ASSETCATALOG_COMPILER_GLOBAL_ACCENT_COLOR_NAME = AccentColor;
				CODE_SIGN_STYLE = Automatic;
				CURRENT_PROJECT_VERSION = 1;
				DEVELOPMENT_ASSET_PATHS = "\"Survey/Preview Content\"";
				DEVELOPMENT_TEAM = B794V8KV97;
				ENABLE_PREVIEWS = YES;
				GENERATE_INFOPLIST_FILE = YES;
				INFOPLIST_KEY_UIApplicationSceneManifest_Generation = YES;
				INFOPLIST_KEY_UIApplicationSupportsIndirectInputEvents = YES;
				INFOPLIST_KEY_UILaunchScreen_Generation = YES;
				INFOPLIST_KEY_UISupportedInterfaceOrientations_iPad = "UIInterfaceOrientationPortrait UIInterfaceOrientationPortraitUpsideDown UIInterfaceOrientationLandscapeLeft UIInterfaceOrientationLandscapeRight";
				INFOPLIST_KEY_UISupportedInterfaceOrientations_iPhone = "UIInterfaceOrientationPortrait UIInterfaceOrientationLandscapeLeft UIInterfaceOrientationLandscapeRight";
				LD_RUNPATH_SEARCH_PATHS = (
					"$(inherited)",
					"@executable_path/Frameworks",
				);
				MARKETING_VERSION = 1.0;
				PRODUCT_BUNDLE_IDENTIFIER = com.argyrogounari.Survey;
				PRODUCT_NAME = "$(TARGET_NAME)";
				SWIFT_EMIT_LOC_STRINGS = YES;
				SWIFT_VERSION = 5.0;
				TARGETED_DEVICE_FAMILY = "1,2";
			};
			name = Release;
		};
		77B4A55B290D250000D98EE8 /* Debug */ = {
			isa = XCBuildConfiguration;
			buildSettings = {
				ALWAYS_EMBED_SWIFT_STANDARD_LIBRARIES = YES;
				BUNDLE_LOADER = "$(TEST_HOST)";
				CODE_SIGN_STYLE = Automatic;
				CURRENT_PROJECT_VERSION = 1;
				DEVELOPMENT_TEAM = B794V8KV97;
				GENERATE_INFOPLIST_FILE = YES;
				IPHONEOS_DEPLOYMENT_TARGET = 15.5;
				MARKETING_VERSION = 1.0;
				PRODUCT_BUNDLE_IDENTIFIER = com.argyrogounari.SurveyTests;
				PRODUCT_NAME = "$(TARGET_NAME)";
				SWIFT_EMIT_LOC_STRINGS = NO;
				SWIFT_VERSION = 5.0;
				TARGETED_DEVICE_FAMILY = "1,2";
				TEST_HOST = "$(BUILT_PRODUCTS_DIR)/Survey.app/Survey";
			};
			name = Debug;
		};
		77B4A55C290D250000D98EE8 /* Release */ = {
			isa = XCBuildConfiguration;
			buildSettings = {
				ALWAYS_EMBED_SWIFT_STANDARD_LIBRARIES = YES;
				BUNDLE_LOADER = "$(TEST_HOST)";
				CODE_SIGN_STYLE = Automatic;
				CURRENT_PROJECT_VERSION = 1;
				DEVELOPMENT_TEAM = B794V8KV97;
				GENERATE_INFOPLIST_FILE = YES;
				IPHONEOS_DEPLOYMENT_TARGET = 15.5;
				MARKETING_VERSION = 1.0;
				PRODUCT_BUNDLE_IDENTIFIER = com.argyrogounari.SurveyTests;
				PRODUCT_NAME = "$(TARGET_NAME)";
				SWIFT_EMIT_LOC_STRINGS = NO;
				SWIFT_VERSION = 5.0;
				TARGETED_DEVICE_FAMILY = "1,2";
				TEST_HOST = "$(BUILT_PRODUCTS_DIR)/Survey.app/Survey";
			};
			name = Release;
		};
/* End XCBuildConfiguration section */

/* Begin XCConfigurationList section */
		26EBF7E7297A9F100044727C /* Build configuration list for PBXNativeTarget "SurveyUITests" */ = {
			isa = XCConfigurationList;
			buildConfigurations = (
				26EBF7E8297A9F100044727C /* Debug */,
				26EBF7E9297A9F100044727C /* Release */,
			);
			defaultConfigurationIsVisible = 0;
			defaultConfigurationName = Release;
		};
		77B4A52E290D24FE00D98EE8 /* Build configuration list for PBXProject "Survey" */ = {
			isa = XCConfigurationList;
			buildConfigurations = (
				77B4A555290D250000D98EE8 /* Debug */,
				77B4A556290D250000D98EE8 /* Release */,
			);
			defaultConfigurationIsVisible = 0;
			defaultConfigurationName = Release;
		};
		77B4A557290D250000D98EE8 /* Build configuration list for PBXNativeTarget "Survey" */ = {
			isa = XCConfigurationList;
			buildConfigurations = (
				77B4A558290D250000D98EE8 /* Debug */,
				77B4A559290D250000D98EE8 /* Release */,
			);
			defaultConfigurationIsVisible = 0;
			defaultConfigurationName = Release;
		};
		77B4A55A290D250000D98EE8 /* Build configuration list for PBXNativeTarget "SurveyTests" */ = {
			isa = XCConfigurationList;
			buildConfigurations = (
				77B4A55B290D250000D98EE8 /* Debug */,
				77B4A55C290D250000D98EE8 /* Release */,
			);
			defaultConfigurationIsVisible = 0;
			defaultConfigurationName = Release;
		};
/* End XCConfigurationList section */

/* Begin XCRemoteSwiftPackageReference section */
		26062BA82965DC8C0087AD36 /* XCRemoteSwiftPackageReference "swift-composable-architecture" */ = {
			isa = XCRemoteSwiftPackageReference;
			repositoryURL = "https://github.com/pointfreeco/swift-composable-architecture";
			requirement = {
				kind = exactVersion;
				version = 0.39.0;
			};
		};
		26062BB12965E0A30087AD36 /* XCRemoteSwiftPackageReference "combine-schedulers" */ = {
			isa = XCRemoteSwiftPackageReference;
			repositoryURL = "https://github.com/pointfreeco/combine-schedulers";
			requirement = {
				kind = exactVersion;
				version = 0.7.2;
			};
		};
/* End XCRemoteSwiftPackageReference section */

/* Begin XCSwiftPackageProductDependency section */
		26062BAF2965DE380087AD36 /* ComposableArchitecture */ = {
			isa = XCSwiftPackageProductDependency;
			package = 26062BA82965DC8C0087AD36 /* XCRemoteSwiftPackageReference "swift-composable-architecture" */;
			productName = ComposableArchitecture;
		};
		26062BB22965E0A30087AD36 /* CombineSchedulers */ = {
			isa = XCSwiftPackageProductDependency;
			package = 26062BB12965E0A30087AD36 /* XCRemoteSwiftPackageReference "combine-schedulers" */;
			productName = CombineSchedulers;
		};
/* End XCSwiftPackageProductDependency section */
	};
	rootObject = 77B4A52B290D24FE00D98EE8 /* Project object */;
}
